<?xml version="1.0" encoding="utf-8"?>
<Project ToolsVersion="4.0" xmlns="http://schemas.microsoft.com/developer/msbuild/2003">
  <ItemGroup>
    <Filter Include="Source Files">
      <UniqueIdentifier>{4FC737F1-C7A5-4376-A066-2A32D752A2FF}</UniqueIdentifier>
      <Extensions>cpp;c;cc;cxx;def;odl;idl;hpj;bat;asm;asmx</Extensions>
    </Filter>
    <Filter Include="Header Files">
      <UniqueIdentifier>{93995380-89BD-4b04-88EB-625FBE52EBFB}</UniqueIdentifier>
      <Extensions>h;hh;hpp;hxx;hm;inl;inc;ipp;xsd</Extensions>
    </Filter>
    <Filter Include="Resource Files">
      <UniqueIdentifier>{67DA6AB6-F800-4c08-8B7A-83BB121AAD01}</UniqueIdentifier>
      <Extensions>rc;ico;cur;bmp;dlg;rc2;rct;bin;rgs;gif;jpg;jpeg;jpe;resx;tiff;tif;png;wav;mfcribbon-ms</Extensions>
    </Filter>
    <Filter Include="Source Files\serach">
      <UniqueIdentifier>{d2ee2e13-a854-4d4f-a1b2-90275ee06ab8}</UniqueIdentifier>
    </Filter>
    <Filter Include="Source Files\serach\medium">
      <UniqueIdentifier>{d4d76ba5-7f79-49e8-ad63-6576ed92f6b8}</UniqueIdentifier>
    </Filter>
  </ItemGroup>
  <ItemGroup>
    <ClCompile Include="hr_cpp.cpp">
      <Filter>Source Files</Filter>
    </ClCompile>
    <ClCompile Include="FullCountingSort.cpp">
      <Filter>Source Files</Filter>
    </ClCompile>
    <ClCompile Include="FraudulentActivityNotifier.cpp">
      <Filter>Source Files</Filter>
    </ClCompile>
    <ClCompile Include="LilysHomework.cpp">
      <Filter>Source Files</Filter>
    </ClCompile>
    <ClCompile Include="HackerlandRadioTransmitters.cpp">
      <Filter>Source Files</Filter>
    </ClCompile>
    <ClCompile Include="GridlandMetro.cpp">
      <Filter>Source Files</Filter>
    </ClCompile>
    <ClCompile Include="KnightLOnAChessboard.cpp">
      <Filter>Source Files</Filter>
    </ClCompile>
    <ClCompile Include="MinimumLoss.cpp">
      <Filter>Source Files</Filter>
    </ClCompile>
    <ClCompile Include="Pairs.cpp">
      <Filter>Source Files</Filter>
    </ClCompile>
    <ClCompile Include="ConnectedCellsInAGrid.cpp">
      <Filter>Source Files</Filter>
    </ClCompile>
  </ItemGroup>
  <ItemGroup>
    <ClInclude Include="FullCountingSort.h">
      <Filter>Header Files</Filter>
    </ClInclude>
    <ClInclude Include="FraudulentActivityNotifier.h">
      <Filter>Header Files</Filter>
    </ClInclude>
    <ClInclude Include="LilysHomework.h">
      <Filter>Header Files</Filter>
    </ClInclude>
    <ClInclude Include="HackerlandRadioTransmitters.h">
      <Filter>Header Files</Filter>
    </ClInclude>
    <ClInclude Include="GridlandMetro.h">
      <Filter>Header Files</Filter>
    </ClInclude>
    <ClInclude Include="KnightLOnAChessboard.h">
      <Filter>Header Files</Filter>
    </ClInclude>
    <ClInclude Include="MinimumLoss.h">
      <Filter>Header Files</Filter>
    </ClInclude>
    <ClInclude Include="Pairs.h">
      <Filter>Header Files</Filter>
    </ClInclude>
    <ClInclude Include="ConnectedCellsInAGrid.h">
      <Filter>Header Files</Filter>
    </ClInclude>
  </ItemGroup>
</Project>