
Microsoft Visual Studio Solution File, Format Version 12.00
# Visual Studio Version 16
VisualStudioVersion = 16.0.28822.285
MinimumVisualStudioVersion = 10.0.40219.1
Project("{8BC9CEB8-8B4A-11D0-8D11-00A0C91BC942}") = "hr_cpp", "hr_cpp.vcxproj", "{4C4C38E2-029F-487D-975E-65EE324812E7}"
EndProject
Project("{8BC9CEB8-8B4A-11D0-8D11-00A0C91BC942}") = "test_hr_cpp", "..\test_hr_cpp\test_hr_cpp.vcxproj", "{B5307965-8938-428D-B988-992F1FC48F38}"
EndProject
Global
	GlobalSection(SolutionConfigurationPlatforms) = preSolution
		Debug|x64 = Debug|x64
		Debug|x86 = Debug|x86
		Release|x64 = Release|x64
		Release|x86 = Release|x86
	EndGlobalSection
	GlobalSection(ProjectConfigurationPlatforms) = postSolution
		{4C4C38E2-029F-487D-975E-65EE324812E7}.Debug|x64.ActiveCfg = Debug|x64
		{4C4C38E2-029F-487D-975E-65EE324812E7}.Debug|x64.Build.0 = Debug|x64
		{4C4C38E2-029F-487D-975E-65EE324812E7}.Debug|x86.ActiveCfg = Debug|Win32
		{4C4C38E2-029F-487D-975E-65EE324812E7}.Debug|x86.Build.0 = Debug|Win32
		{4C4C38E2-029F-487D-975E-65EE324812E7}.Release|x64.ActiveCfg = Release|x64
		{4C4C38E2-029F-487D-975E-65EE324812E7}.Release|x64.Build.0 = Release|x64
		{4C4C38E2-029F-487D-975E-65EE324812E7}.Release|x86.ActiveCfg = Release|Win32
		{4C4C38E2-029F-487D-975E-65EE324812E7}.Release|x86.Build.0 = Release|Win32
		{B5307965-8938-428D-B988-992F1FC48F38}.Debug|x64.ActiveCfg = Debug|x64
		{B5307965-8938-428D-B988-992F1FC48F38}.Debug|x64.Build.0 = Debug|x64
		{B5307965-8938-428D-B988-992F1FC48F38}.Debug|x86.ActiveCfg = Debug|Win32
		{B5307965-8938-428D-B988-992F1FC48F38}.Debug|x86.Build.0 = Debug|Win32
		{B5307965-8938-428D-B988-992F1FC48F38}.Release|x64.ActiveCfg = Release|x64
		{B5307965-8938-428D-B988-992F1FC48F38}.Release|x64.Build.0 = Release|x64
		{B5307965-8938-428D-B988-992F1FC48F38}.Release|x86.ActiveCfg = Release|Win32
		{B5307965-8938-428D-B988-992F1FC48F38}.Release|x86.Build.0 = Release|Win32
	EndGlobalSection
	GlobalSection(SolutionProperties) = preSolution
		HideSolutionNode = FALSE
	EndGlobalSection
	GlobalSection(ExtensibilityGlobals) = postSolution
		SolutionGuid = {310183B7-E492-4E7E-8515-E30FCEBB881B}
	EndGlobalSection
EndGlobal
